// !$*UTF8*$!
{
	archiveVersion = 1;
	classes = {
	};
	objectVersion = 51;
	objects = {

/* Begin PBXBuildFile section */
		3C0453BA26BBABDA007C402F /* ONVIFProfile.swift in Sources */ = {isa = PBXBuildFile; fileRef = 3C0453B326BBABDA007C402F /* ONVIFProfile.swift */; };
		3C0453BB26BBABDA007C402F /* ONVIFStream.swift in Sources */ = {isa = PBXBuildFile; fileRef = 3C0453B426BBABDA007C402F /* ONVIFStream.swift */; };
		3C0453BC26BBABDA007C402F /* ONVIFQueryService.swift in Sources */ = {isa = PBXBuildFile; fileRef = 3C0453B526BBABDA007C402F /* ONVIFQueryService.swift */; };
		3C0453BD26BBABDA007C402F /* ONVIFDiscovery.swift in Sources */ = {isa = PBXBuildFile; fileRef = 3C0453B626BBABDA007C402F /* ONVIFDiscovery.swift */; };
		3C0453BE26BBABDA007C402F /* ONVIFRequest.swift in Sources */ = {isa = PBXBuildFile; fileRef = 3C0453B726BBABDA007C402F /* ONVIFRequest.swift */; };
		3C0453BF26BBABDA007C402F /* ONVIFDevice.swift in Sources */ = {isa = PBXBuildFile; fileRef = 3C0453B826BBABDA007C402F /* ONVIFDevice.swift */; };
		3C0453C026BBABDA007C402F /* ONVIFCredential.swift in Sources */ = {isa = PBXBuildFile; fileRef = 3C0453B926BBABDA007C402F /* ONVIFCredential.swift */; };
		3C0453CF26BBACDF007C402F /* UDPBroadcastConnection.swift in Sources */ = {isa = PBXBuildFile; fileRef = 3C0453CD26BBACDF007C402F /* UDPBroadcastConnection.swift */; };
		3C0453D026BBACDF007C402F /* UDPBroadcastConnectionError.swift in Sources */ = {isa = PBXBuildFile; fileRef = 3C0453CE26BBACDF007C402F /* UDPBroadcastConnectionError.swift */; };
		3C0453EB26BBB5D5007C402F /* DahuaAPI.swift in Sources */ = {isa = PBXBuildFile; fileRef = 3C0453E926BBB5D5007C402F /* DahuaAPI.swift */; };
		3C0453EC26BBB5D5007C402F /* DahuaQueryService.swift in Sources */ = {isa = PBXBuildFile; fileRef = 3C0453EA26BBB5D5007C402F /* DahuaQueryService.swift */; };
		3C0453F526BCEB9B007C402F /* DahuaDevice.swift in Sources */ = {isa = PBXBuildFile; fileRef = 3C0453F426BCEB9B007C402F /* DahuaDevice.swift */; };
		3C0453F926BCEBD1007C402F /* Channel.swift in Sources */ = {isa = PBXBuildFile; fileRef = 3C0453F826BCEBD1007C402F /* Channel.swift */; };
		3C0453FC26BCEC94007C402F /* Credential.swift in Sources */ = {isa = PBXBuildFile; fileRef = 3C0453FB26BCEC94007C402F /* Credential.swift */; };
		3C0453FF26BCEDAB007C402F /* Event.swift in Sources */ = {isa = PBXBuildFile; fileRef = 3C0453FE26BCEDAB007C402F /* Event.swift */; };
		3C04540326BCEE7F007C402F /* String+EXT.swift in Sources */ = {isa = PBXBuildFile; fileRef = 3C04540226BCEE7F007C402F /* String+EXT.swift */; };
		3C04540926BCFF6D007C402F /* CameraView.swift in Sources */ = {isa = PBXBuildFile; fileRef = 3C04540826BCFF6D007C402F /* CameraView.swift */; };
		3C04541426BD0104007C402F /* CameraCell.swift in Sources */ = {isa = PBXBuildFile; fileRef = 3C04541326BD0104007C402F /* CameraCell.swift */; };
		3C04541726BD01CE007C402F /* DTCheckMarkView.swift in Sources */ = {isa = PBXBuildFile; fileRef = 3C04541626BD01CE007C402F /* DTCheckMarkView.swift */; };
		3C04541D26BF8A51007C402F /* KeychainWrapper.swift in Sources */ = {isa = PBXBuildFile; fileRef = 3C04541A26BF8A51007C402F /* KeychainWrapper.swift */; };
		3C04541E26BF8A51007C402F /* KeychainQueryable.swift in Sources */ = {isa = PBXBuildFile; fileRef = 3C04541B26BF8A51007C402F /* KeychainQueryable.swift */; };
		3C04541F26BF8A51007C402F /* RTSPPasswordQueryable.swift in Sources */ = {isa = PBXBuildFile; fileRef = 3C04541C26BF8A51007C402F /* RTSPPasswordQueryable.swift */; };
		3C04542626BF8BA8007C402F /* AddDeviceViewController.swift in Sources */ = {isa = PBXBuildFile; fileRef = 3C04542526BF8BA8007C402F /* AddDeviceViewController.swift */; };
		3C04542D26BFAF8D007C402F /* AddDevice.storyboard in Resources */ = {isa = PBXBuildFile; fileRef = 3C04542C26BFAF8D007C402F /* AddDevice.storyboard */; };
		3C04543126BFB467007C402F /* Logging.swift in Sources */ = {isa = PBXBuildFile; fileRef = 3C04543026BFB467007C402F /* Logging.swift */; };
		3C04543426C08BCC007C402F /* DTTableBackgroundView.swift in Sources */ = {isa = PBXBuildFile; fileRef = 3C04543326C08BCC007C402F /* DTTableBackgroundView.swift */; };
		3C04543826C0CEFE007C402F /* NoContentBackgroundView.swift in Sources */ = {isa = PBXBuildFile; fileRef = 3C04543726C0CEFE007C402F /* NoContentBackgroundView.swift */; };
		3C71E80326BA5A2A001603E2 /* AppDelegate.swift in Sources */ = {isa = PBXBuildFile; fileRef = 3C71E80226BA5A2A001603E2 /* AppDelegate.swift */; };
		3C71E80526BA5A2A001603E2 /* SceneDelegate.swift in Sources */ = {isa = PBXBuildFile; fileRef = 3C71E80426BA5A2A001603E2 /* SceneDelegate.swift */; };
		3C71E80726BA5A2A001603E2 /* CameraViewController.swift in Sources */ = {isa = PBXBuildFile; fileRef = 3C71E80626BA5A2A001603E2 /* CameraViewController.swift */; };
		3C71E80A26BA5A2A001603E2 /* Main.storyboard in Resources */ = {isa = PBXBuildFile; fileRef = 3C71E80826BA5A2A001603E2 /* Main.storyboard */; };
		3C71E80C26BA5A6A001603E2 /* Assets.xcassets in Resources */ = {isa = PBXBuildFile; fileRef = 3C71E80B26BA5A6A001603E2 /* Assets.xcassets */; };
		3C71E80F26BA5A6A001603E2 /* LaunchScreen.storyboard in Resources */ = {isa = PBXBuildFile; fileRef = 3C71E80D26BA5A6A001603E2 /* LaunchScreen.storyboard */; };
		3CDDAFD926C0D5D40044106F /* AddDeviceManually.storyboard in Resources */ = {isa = PBXBuildFile; fileRef = 3CDDAFD826C0D5D40044106F /* AddDeviceManually.storyboard */; };
		3CDDAFDC26C0D7E80044106F /* AddDeviceManuallyViewController.swift in Sources */ = {isa = PBXBuildFile; fileRef = 3CDDAFDB26C0D7E80044106F /* AddDeviceManuallyViewController.swift */; };
		3CDDAFDF26C0D92D0044106F /* TextInputCell.swift in Sources */ = {isa = PBXBuildFile; fileRef = 3CDDAFDE26C0D92D0044106F /* TextInputCell.swift */; };
		3CDDAFE226C0ED310044106F /* UITableView+EXT.swift in Sources */ = {isa = PBXBuildFile; fileRef = 3CDDAFE126C0ED310044106F /* UITableView+EXT.swift */; };
		3CDDAFE526C0FFE00044106F /* InputValidation.swift in Sources */ = {isa = PBXBuildFile; fileRef = 3CDDAFE426C0FFE00044106F /* InputValidation.swift */; };
		3CDDAFE826C1003D0044106F /* Validator.swift in Sources */ = {isa = PBXBuildFile; fileRef = 3CDDAFE726C1003D0044106F /* Validator.swift */; };
		5389F7F5A5FD0D5FC4CEAA22 /* Pods_CameraViewer.framework in Frameworks */ = {isa = PBXBuildFile; fileRef = 04EF8733F306E4BF56B443BB /* Pods_CameraViewer.framework */; };
/* End PBXBuildFile section */

/* Begin PBXFileReference section */
		04EF8733F306E4BF56B443BB /* Pods_CameraViewer.framework */ = {isa = PBXFileReference; explicitFileType = wrapper.framework; includeInIndex = 0; path = Pods_CameraViewer.framework; sourceTree = BUILT_PRODUCTS_DIR; };
		1B9669CDD9F4C937593A3A1E /* Pods-CameraViewer.release.xcconfig */ = {isa = PBXFileReference; includeInIndex = 1; lastKnownFileType = text.xcconfig; name = "Pods-CameraViewer.release.xcconfig"; path = "Target Support Files/Pods-CameraViewer/Pods-CameraViewer.release.xcconfig"; sourceTree = "<group>"; };
		2A53932FDCD99939EC8B40E9 /* Pods-CameraViewer.debug.xcconfig */ = {isa = PBXFileReference; includeInIndex = 1; lastKnownFileType = text.xcconfig; name = "Pods-CameraViewer.debug.xcconfig"; path = "Target Support Files/Pods-CameraViewer/Pods-CameraViewer.debug.xcconfig"; sourceTree = "<group>"; };
		3C0453AD26BBA7EF007C402F /* CameraViewer-Bridging-Header.h */ = {isa = PBXFileReference; lastKnownFileType = sourcecode.c.h; path = "CameraViewer-Bridging-Header.h"; sourceTree = "<group>"; };
		3C0453B326BBABDA007C402F /* ONVIFProfile.swift */ = {isa = PBXFileReference; fileEncoding = 4; lastKnownFileType = sourcecode.swift; path = ONVIFProfile.swift; sourceTree = "<group>"; };
		3C0453B426BBABDA007C402F /* ONVIFStream.swift */ = {isa = PBXFileReference; fileEncoding = 4; lastKnownFileType = sourcecode.swift; path = ONVIFStream.swift; sourceTree = "<group>"; };
		3C0453B526BBABDA007C402F /* ONVIFQueryService.swift */ = {isa = PBXFileReference; fileEncoding = 4; lastKnownFileType = sourcecode.swift; path = ONVIFQueryService.swift; sourceTree = "<group>"; };
		3C0453B626BBABDA007C402F /* ONVIFDiscovery.swift */ = {isa = PBXFileReference; fileEncoding = 4; lastKnownFileType = sourcecode.swift; path = ONVIFDiscovery.swift; sourceTree = "<group>"; };
		3C0453B726BBABDA007C402F /* ONVIFRequest.swift */ = {isa = PBXFileReference; fileEncoding = 4; lastKnownFileType = sourcecode.swift; path = ONVIFRequest.swift; sourceTree = "<group>"; };
		3C0453B826BBABDA007C402F /* ONVIFDevice.swift */ = {isa = PBXFileReference; fileEncoding = 4; lastKnownFileType = sourcecode.swift; path = ONVIFDevice.swift; sourceTree = "<group>"; };
		3C0453B926BBABDA007C402F /* ONVIFCredential.swift */ = {isa = PBXFileReference; fileEncoding = 4; lastKnownFileType = sourcecode.swift; path = ONVIFCredential.swift; sourceTree = "<group>"; };
		3C0453CD26BBACDF007C402F /* UDPBroadcastConnection.swift */ = {isa = PBXFileReference; fileEncoding = 4; lastKnownFileType = sourcecode.swift; path = UDPBroadcastConnection.swift; sourceTree = "<group>"; };
		3C0453CE26BBACDF007C402F /* UDPBroadcastConnectionError.swift */ = {isa = PBXFileReference; fileEncoding = 4; lastKnownFileType = sourcecode.swift; path = UDPBroadcastConnectionError.swift; sourceTree = "<group>"; };
		3C0453E926BBB5D5007C402F /* DahuaAPI.swift */ = {isa = PBXFileReference; fileEncoding = 4; lastKnownFileType = sourcecode.swift; path = DahuaAPI.swift; sourceTree = "<group>"; };
		3C0453EA26BBB5D5007C402F /* DahuaQueryService.swift */ = {isa = PBXFileReference; fileEncoding = 4; lastKnownFileType = sourcecode.swift; path = DahuaQueryService.swift; sourceTree = "<group>"; };
		3C0453F426BCEB9B007C402F /* DahuaDevice.swift */ = {isa = PBXFileReference; lastKnownFileType = sourcecode.swift; path = DahuaDevice.swift; sourceTree = "<group>"; };
		3C0453F826BCEBD1007C402F /* Channel.swift */ = {isa = PBXFileReference; lastKnownFileType = sourcecode.swift; path = Channel.swift; sourceTree = "<group>"; };
		3C0453FB26BCEC94007C402F /* Credential.swift */ = {isa = PBXFileReference; lastKnownFileType = sourcecode.swift; path = Credential.swift; sourceTree = "<group>"; };
		3C0453FE26BCEDAB007C402F /* Event.swift */ = {isa = PBXFileReference; lastKnownFileType = sourcecode.swift; path = Event.swift; sourceTree = "<group>"; };
		3C04540226BCEE7F007C402F /* String+EXT.swift */ = {isa = PBXFileReference; lastKnownFileType = sourcecode.swift; path = "String+EXT.swift"; sourceTree = "<group>"; };
		3C04540826BCFF6D007C402F /* CameraView.swift */ = {isa = PBXFileReference; lastKnownFileType = sourcecode.swift; path = CameraView.swift; sourceTree = "<group>"; };
		3C04541326BD0104007C402F /* CameraCell.swift */ = {isa = PBXFileReference; lastKnownFileType = sourcecode.swift; path = CameraCell.swift; sourceTree = "<group>"; };
		3C04541626BD01CE007C402F /* DTCheckMarkView.swift */ = {isa = PBXFileReference; lastKnownFileType = sourcecode.swift; path = DTCheckMarkView.swift; sourceTree = "<group>"; };
		3C04541A26BF8A51007C402F /* KeychainWrapper.swift */ = {isa = PBXFileReference; fileEncoding = 4; lastKnownFileType = sourcecode.swift; path = KeychainWrapper.swift; sourceTree = "<group>"; };
		3C04541B26BF8A51007C402F /* KeychainQueryable.swift */ = {isa = PBXFileReference; fileEncoding = 4; lastKnownFileType = sourcecode.swift; path = KeychainQueryable.swift; sourceTree = "<group>"; };
		3C04541C26BF8A51007C402F /* RTSPPasswordQueryable.swift */ = {isa = PBXFileReference; fileEncoding = 4; lastKnownFileType = sourcecode.swift; path = RTSPPasswordQueryable.swift; sourceTree = "<group>"; };
		3C04542526BF8BA8007C402F /* AddDeviceViewController.swift */ = {isa = PBXFileReference; lastKnownFileType = sourcecode.swift; path = AddDeviceViewController.swift; sourceTree = "<group>"; };
		3C04542C26BFAF8D007C402F /* AddDevice.storyboard */ = {isa = PBXFileReference; lastKnownFileType = file.storyboard; path = AddDevice.storyboard; sourceTree = "<group>"; };
		3C04543026BFB467007C402F /* Logging.swift */ = {isa = PBXFileReference; lastKnownFileType = sourcecode.swift; path = Logging.swift; sourceTree = "<group>"; };
		3C04543326C08BCC007C402F /* DTTableBackgroundView.swift */ = {isa = PBXFileReference; lastKnownFileType = sourcecode.swift; path = DTTableBackgroundView.swift; sourceTree = "<group>"; };
		3C04543726C0CEFE007C402F /* NoContentBackgroundView.swift */ = {isa = PBXFileReference; lastKnownFileType = sourcecode.swift; path = NoContentBackgroundView.swift; sourceTree = "<group>"; };
		3C71E7FF26BA5A2A001603E2 /* CameraViewer.app */ = {isa = PBXFileReference; explicitFileType = wrapper.application; includeInIndex = 0; path = CameraViewer.app; sourceTree = BUILT_PRODUCTS_DIR; };
		3C71E80226BA5A2A001603E2 /* AppDelegate.swift */ = {isa = PBXFileReference; lastKnownFileType = sourcecode.swift; path = AppDelegate.swift; sourceTree = "<group>"; };
		3C71E80426BA5A2A001603E2 /* SceneDelegate.swift */ = {isa = PBXFileReference; lastKnownFileType = sourcecode.swift; path = SceneDelegate.swift; sourceTree = "<group>"; };
		3C71E80626BA5A2A001603E2 /* CameraViewController.swift */ = {isa = PBXFileReference; lastKnownFileType = sourcecode.swift; path = CameraViewController.swift; sourceTree = "<group>"; };
		3C71E80926BA5A2A001603E2 /* Base */ = {isa = PBXFileReference; lastKnownFileType = file.storyboard; name = Base; path = Base.lproj/Main.storyboard; sourceTree = "<group>"; };
		3C71E80B26BA5A6A001603E2 /* Assets.xcassets */ = {isa = PBXFileReference; lastKnownFileType = folder.assetcatalog; path = Assets.xcassets; sourceTree = "<group>"; };
		3C71E80E26BA5A6A001603E2 /* Base */ = {isa = PBXFileReference; lastKnownFileType = file.storyboard; name = Base; path = Base.lproj/LaunchScreen.storyboard; sourceTree = "<group>"; };
		3C71E81026BA5A6A001603E2 /* Info.plist */ = {isa = PBXFileReference; lastKnownFileType = text.plist.xml; path = Info.plist; sourceTree = "<group>"; };
		3CDDAFD826C0D5D40044106F /* AddDeviceManually.storyboard */ = {isa = PBXFileReference; lastKnownFileType = file.storyboard; path = AddDeviceManually.storyboard; sourceTree = "<group>"; };
		3CDDAFDB26C0D7E80044106F /* AddDeviceManuallyViewController.swift */ = {isa = PBXFileReference; lastKnownFileType = sourcecode.swift; path = AddDeviceManuallyViewController.swift; sourceTree = "<group>"; };
		3CDDAFDE26C0D92D0044106F /* TextInputCell.swift */ = {isa = PBXFileReference; lastKnownFileType = sourcecode.swift; path = TextInputCell.swift; sourceTree = "<group>"; };
		3CDDAFE126C0ED310044106F /* UITableView+EXT.swift */ = {isa = PBXFileReference; lastKnownFileType = sourcecode.swift; path = "UITableView+EXT.swift"; sourceTree = "<group>"; };
		3CDDAFE426C0FFE00044106F /* InputValidation.swift */ = {isa = PBXFileReference; lastKnownFileType = sourcecode.swift; path = InputValidation.swift; sourceTree = "<group>"; };
		3CDDAFE726C1003D0044106F /* Validator.swift */ = {isa = PBXFileReference; lastKnownFileType = sourcecode.swift; path = Validator.swift; sourceTree = "<group>"; };
/* End PBXFileReference section */

/* Begin PBXFrameworksBuildPhase section */
		3C71E7FC26BA5A2A001603E2 /* Frameworks */ = {
			isa = PBXFrameworksBuildPhase;
			buildActionMask = 2147483647;
			files = (
				5389F7F5A5FD0D5FC4CEAA22 /* Pods_CameraViewer.framework in Frameworks */,
			);
			runOnlyForDeploymentPostprocessing = 0;
		};
/* End PBXFrameworksBuildPhase section */

/* Begin PBXGroup section */
		3C0453B226BBABDA007C402F /* ONVIF */ = {
			isa = PBXGroup;
			children = (
				3C0453B326BBABDA007C402F /* ONVIFProfile.swift */,
				3C0453B426BBABDA007C402F /* ONVIFStream.swift */,
				3C0453B526BBABDA007C402F /* ONVIFQueryService.swift */,
				3C0453B626BBABDA007C402F /* ONVIFDiscovery.swift */,
				3C0453B726BBABDA007C402F /* ONVIFRequest.swift */,
				3C0453B826BBABDA007C402F /* ONVIFDevice.swift */,
				3C0453B926BBABDA007C402F /* ONVIFCredential.swift */,
			);
			path = ONVIF;
			sourceTree = "<group>";
		};
		3C0453C226BBAC03007C402F /* UDPBroadcast */ = {
			isa = PBXGroup;
			children = (
				3C0453CD26BBACDF007C402F /* UDPBroadcastConnection.swift */,
				3C0453CE26BBACDF007C402F /* UDPBroadcastConnectionError.swift */,
			);
			path = UDPBroadcast;
			sourceTree = "<group>";
		};
		3C0453E826BBB5D5007C402F /* Dahua API */ = {
			isa = PBXGroup;
			children = (
				3C0453E926BBB5D5007C402F /* DahuaAPI.swift */,
				3C0453EA26BBB5D5007C402F /* DahuaQueryService.swift */,
			);
			path = "Dahua API";
			sourceTree = "<group>";
		};
		3C0453F026BCEA5E007C402F /* Storyboards */ = {
			isa = PBXGroup;
			children = (
				3C71E80826BA5A2A001603E2 /* Main.storyboard */,
				3C71E80D26BA5A6A001603E2 /* LaunchScreen.storyboard */,
				3C04542C26BFAF8D007C402F /* AddDevice.storyboard */,
				3CDDAFD826C0D5D40044106F /* AddDeviceManually.storyboard */,
			);
			path = Storyboards;
			sourceTree = "<group>";
		};
		3C0453F326BCEB76007C402F /* Models */ = {
			isa = PBXGroup;
			children = (
				3C0453F426BCEB9B007C402F /* DahuaDevice.swift */,
				3C0453FB26BCEC94007C402F /* Credential.swift */,
				3C0453FE26BCEDAB007C402F /* Event.swift */,
				3C0453F826BCEBD1007C402F /* Channel.swift */,
			);
			path = Models;
			sourceTree = "<group>";
		};
		3C04540126BCEE6D007C402F /* Extensions */ = {
			isa = PBXGroup;
			children = (
				3C04540226BCEE7F007C402F /* String+EXT.swift */,
				3CDDAFE126C0ED310044106F /* UITableView+EXT.swift */,
			);
			path = Extensions;
			sourceTree = "<group>";
		};
		3C04540726BCFF61007C402F /* Views */ = {
			isa = PBXGroup;
			children = (
				3C04540826BCFF6D007C402F /* CameraView.swift */,
				3C04541626BD01CE007C402F /* DTCheckMarkView.swift */,
				3C04543326C08BCC007C402F /* DTTableBackgroundView.swift */,
			);
			path = Views;
			sourceTree = "<group>";
		};
		3C04541026BD00A9007C402F /* Controllers */ = {
			isa = PBXGroup;
			children = (
				3C71E80626BA5A2A001603E2 /* CameraViewController.swift */,
				3C04542526BF8BA8007C402F /* AddDeviceViewController.swift */,
				3CDDAFDB26C0D7E80044106F /* AddDeviceManuallyViewController.swift */,
			);
			path = Controllers;
			sourceTree = "<group>";
		};
		3C04541226BD00F4007C402F /* Cells */ = {
			isa = PBXGroup;
			children = (
				3C04541326BD0104007C402F /* CameraCell.swift */,
				3CDDAFDE26C0D92D0044106F /* TextInputCell.swift */,
			);
			path = Cells;
			sourceTree = "<group>";
		};
		3C04541926BF8A50007C402F /* Keychain */ = {
			isa = PBXGroup;
			children = (
				3C04541A26BF8A51007C402F /* KeychainWrapper.swift */,
				3C04541B26BF8A51007C402F /* KeychainQueryable.swift */,
				3C04541C26BF8A51007C402F /* RTSPPasswordQueryable.swift */,
			);
			path = Keychain;
			sourceTree = "<group>";
		};
		3C04542F26BFB457007C402F /* Helpers */ = {
			isa = PBXGroup;
			children = (
				3C04543026BFB467007C402F /* Logging.swift */,
				3CDDAFE726C1003D0044106F /* Validator.swift */,
			);
			path = Helpers;
			sourceTree = "<group>";
		};
		3C04543626C0CEE7007C402F /* Protocols */ = {
			isa = PBXGroup;
			children = (
				3C04543726C0CEFE007C402F /* NoContentBackgroundView.swift */,
				3CDDAFE426C0FFE00044106F /* InputValidation.swift */,
			);
			path = Protocols;
			sourceTree = "<group>";
		};
		3C71E7F626BA5A2A001603E2 = {
			isa = PBXGroup;
			children = (
				3C71E80126BA5A2A001603E2 /* CameraViewer */,
				3C71E80026BA5A2A001603E2 /* Products */,
				A693C4F0D5AC84718EC70103 /* Pods */,
				C125F303832F690B40632755 /* Frameworks */,
			);
			sourceTree = "<group>";
		};
		3C71E80026BA5A2A001603E2 /* Products */ = {
			isa = PBXGroup;
			children = (
				3C71E7FF26BA5A2A001603E2 /* CameraViewer.app */,
			);
			name = Products;
			sourceTree = "<group>";
		};
		3C71E80126BA5A2A001603E2 /* CameraViewer */ = {
			isa = PBXGroup;
			children = (
				3C04543626C0CEE7007C402F /* Protocols */,
				3C04542F26BFB457007C402F /* Helpers */,
				3C04541926BF8A50007C402F /* Keychain */,
				3C04541226BD00F4007C402F /* Cells */,
				3C04540726BCFF61007C402F /* Views */,
				3C04540126BCEE6D007C402F /* Extensions */,
				3C0453F326BCEB76007C402F /* Models */,
				3C71E80226BA5A2A001603E2 /* AppDelegate.swift */,
				3C71E80426BA5A2A001603E2 /* SceneDelegate.swift */,
				3C04541026BD00A9007C402F /* Controllers */,
				3C0453F026BCEA5E007C402F /* Storyboards */,
				3C0453E826BBB5D5007C402F /* Dahua API */,
				3C0453C226BBAC03007C402F /* UDPBroadcast */,
				3C0453B226BBABDA007C402F /* ONVIF */,
				3C71E80B26BA5A6A001603E2 /* Assets.xcassets */,
				3C71E81026BA5A6A001603E2 /* Info.plist */,
				3C0453AD26BBA7EF007C402F /* CameraViewer-Bridging-Header.h */,
			);
			path = CameraViewer;
			sourceTree = "<group>";
		};
		A693C4F0D5AC84718EC70103 /* Pods */ = {
			isa = PBXGroup;
			children = (
				2A53932FDCD99939EC8B40E9 /* Pods-CameraViewer.debug.xcconfig */,
				1B9669CDD9F4C937593A3A1E /* Pods-CameraViewer.release.xcconfig */,
			);
			path = Pods;
			sourceTree = "<group>";
		};
		C125F303832F690B40632755 /* Frameworks */ = {
			isa = PBXGroup;
			children = (
				04EF8733F306E4BF56B443BB /* Pods_CameraViewer.framework */,
			);
			name = Frameworks;
			sourceTree = "<group>";
		};
/* End PBXGroup section */

/* Begin PBXNativeTarget section */
		3C71E7FE26BA5A2A001603E2 /* CameraViewer */ = {
			isa = PBXNativeTarget;
			buildConfigurationList = 3C71E81326BA5A6A001603E2 /* Build configuration list for PBXNativeTarget "CameraViewer" */;
			buildPhases = (
				B7F4033BE9ED6B76B0439C7F /* [CP] Check Pods Manifest.lock */,
				3C71E7FB26BA5A2A001603E2 /* Sources */,
				3C71E7FC26BA5A2A001603E2 /* Frameworks */,
				3C71E7FD26BA5A2A001603E2 /* Resources */,
				7C331B44DEF3E3DB873E3C35 /* [CP] Embed Pods Frameworks */,
			);
			buildRules = (
			);
			dependencies = (
			);
			name = CameraViewer;
			productName = CameraViewer;
			productReference = 3C71E7FF26BA5A2A001603E2 /* CameraViewer.app */;
			productType = "com.apple.product-type.application";
		};
/* End PBXNativeTarget section */

/* Begin PBXProject section */
		3C71E7F726BA5A2A001603E2 /* Project object */ = {
			isa = PBXProject;
			attributes = {
				LastSwiftUpdateCheck = 1240;
				LastUpgradeCheck = 1240;
				TargetAttributes = {
					3C71E7FE26BA5A2A001603E2 = {
						CreatedOnToolsVersion = 12.4;
					};
				};
			};
			buildConfigurationList = 3C71E7FA26BA5A2A001603E2 /* Build configuration list for PBXProject "CameraViewer" */;
			compatibilityVersion = "Xcode 9.3";
			developmentRegion = en;
			hasScannedForEncodings = 0;
			knownRegions = (
				en,
				Base,
			);
			mainGroup = 3C71E7F626BA5A2A001603E2;
			productRefGroup = 3C71E80026BA5A2A001603E2 /* Products */;
			projectDirPath = "";
			projectRoot = "";
			targets = (
				3C71E7FE26BA5A2A001603E2 /* CameraViewer */,
			);
		};
/* End PBXProject section */

/* Begin PBXResourcesBuildPhase section */
		3C71E7FD26BA5A2A001603E2 /* Resources */ = {
			isa = PBXResourcesBuildPhase;
			buildActionMask = 2147483647;
			files = (
				3C04542D26BFAF8D007C402F /* AddDevice.storyboard in Resources */,
				3CDDAFD926C0D5D40044106F /* AddDeviceManually.storyboard in Resources */,
				3C71E80F26BA5A6A001603E2 /* LaunchScreen.storyboard in Resources */,
				3C71E80C26BA5A6A001603E2 /* Assets.xcassets in Resources */,
				3C71E80A26BA5A2A001603E2 /* Main.storyboard in Resources */,
			);
			runOnlyForDeploymentPostprocessing = 0;
		};
/* End PBXResourcesBuildPhase section */

/* Begin PBXShellScriptBuildPhase section */
		7C331B44DEF3E3DB873E3C35 /* [CP] Embed Pods Frameworks */ = {
			isa = PBXShellScriptBuildPhase;
			buildActionMask = 2147483647;
			files = (
			);
			inputFileListPaths = (
				"${PODS_ROOT}/Target Support Files/Pods-CameraViewer/Pods-CameraViewer-frameworks-${CONFIGURATION}-input-files.xcfilelist",
			);
			name = "[CP] Embed Pods Frameworks";
			outputFileListPaths = (
				"${PODS_ROOT}/Target Support Files/Pods-CameraViewer/Pods-CameraViewer-frameworks-${CONFIGURATION}-output-files.xcfilelist",
			);
			runOnlyForDeploymentPostprocessing = 0;
			shellPath = /bin/sh;
			shellScript = "\"${PODS_ROOT}/Target Support Files/Pods-CameraViewer/Pods-CameraViewer-frameworks.sh\"\n";
			showEnvVarsInLog = 0;
		};
		B7F4033BE9ED6B76B0439C7F /* [CP] Check Pods Manifest.lock */ = {
			isa = PBXShellScriptBuildPhase;
			buildActionMask = 2147483647;
			files = (
			);
			inputFileListPaths = (
			);
			inputPaths = (
				"${PODS_PODFILE_DIR_PATH}/Podfile.lock",
				"${PODS_ROOT}/Manifest.lock",
			);
			name = "[CP] Check Pods Manifest.lock";
			outputFileListPaths = (
			);
			outputPaths = (
				"$(DERIVED_FILE_DIR)/Pods-CameraViewer-checkManifestLockResult.txt",
			);
			runOnlyForDeploymentPostprocessing = 0;
			shellPath = /bin/sh;
			shellScript = "diff \"${PODS_PODFILE_DIR_PATH}/Podfile.lock\" \"${PODS_ROOT}/Manifest.lock\" > /dev/null\nif [ $? != 0 ] ; then\n    # print error to STDERR\n    echo \"error: The sandbox is not in sync with the Podfile.lock. Run 'pod install' or update your CocoaPods installation.\" >&2\n    exit 1\nfi\n# This output is used by Xcode 'outputs' to avoid re-running this script phase.\necho \"SUCCESS\" > \"${SCRIPT_OUTPUT_FILE_0}\"\n";
			showEnvVarsInLog = 0;
		};
/* End PBXShellScriptBuildPhase section */

/* Begin PBXSourcesBuildPhase section */
		3C71E7FB26BA5A2A001603E2 /* Sources */ = {
			isa = PBXSourcesBuildPhase;
			buildActionMask = 2147483647;
			files = (
				3C04541E26BF8A51007C402F /* KeychainQueryable.swift in Sources */,
				3C0453BE26BBABDA007C402F /* ONVIFRequest.swift in Sources */,
				3C0453FC26BCEC94007C402F /* Credential.swift in Sources */,
				3CDDAFDF26C0D92D0044106F /* TextInputCell.swift in Sources */,
				3C0453F926BCEBD1007C402F /* Channel.swift in Sources */,
				3C04540926BCFF6D007C402F /* CameraView.swift in Sources */,
				3C0453BB26BBABDA007C402F /* ONVIFStream.swift in Sources */,
				3C0453F526BCEB9B007C402F /* DahuaDevice.swift in Sources */,
				3C04543126BFB467007C402F /* Logging.swift in Sources */,
				3C0453EC26BBB5D5007C402F /* DahuaQueryService.swift in Sources */,
				3C04543426C08BCC007C402F /* DTTableBackgroundView.swift in Sources */,
				3C0453CF26BBACDF007C402F /* UDPBroadcastConnection.swift in Sources */,
				3CDDAFE826C1003D0044106F /* Validator.swift in Sources */,
				3C0453EB26BBB5D5007C402F /* DahuaAPI.swift in Sources */,
				3CDDAFE226C0ED310044106F /* UITableView+EXT.swift in Sources */,
				3C0453BD26BBABDA007C402F /* ONVIFDiscovery.swift in Sources */,
				3C0453BC26BBABDA007C402F /* ONVIFQueryService.swift in Sources */,
				3C0453FF26BCEDAB007C402F /* Event.swift in Sources */,
				3C0453BA26BBABDA007C402F /* ONVIFProfile.swift in Sources */,
				3C71E80726BA5A2A001603E2 /* CameraViewController.swift in Sources */,
				3C71E80326BA5A2A001603E2 /* AppDelegate.swift in Sources */,
				3C04541426BD0104007C402F /* CameraCell.swift in Sources */,
				3C0453C026BBABDA007C402F /* ONVIFCredential.swift in Sources */,
				3CDDAFE526C0FFE00044106F /* InputValidation.swift in Sources */,
				3C04542626BF8BA8007C402F /* AddDeviceViewController.swift in Sources */,
				3C71E80526BA5A2A001603E2 /* SceneDelegate.swift in Sources */,
				3C04541F26BF8A51007C402F /* RTSPPasswordQueryable.swift in Sources */,
				3C04541726BD01CE007C402F /* DTCheckMarkView.swift in Sources */,
				3C04543826C0CEFE007C402F /* NoContentBackgroundView.swift in Sources */,
				3CDDAFDC26C0D7E80044106F /* AddDeviceManuallyViewController.swift in Sources */,
				3C0453D026BBACDF007C402F /* UDPBroadcastConnectionError.swift in Sources */,
				3C04540326BCEE7F007C402F /* String+EXT.swift in Sources */,
				3C0453BF26BBABDA007C402F /* ONVIFDevice.swift in Sources */,
				3C04541D26BF8A51007C402F /* KeychainWrapper.swift in Sources */,
			);
			runOnlyForDeploymentPostprocessing = 0;
		};
/* End PBXSourcesBuildPhase section */

/* Begin PBXVariantGroup section */
		3C71E80826BA5A2A001603E2 /* Main.storyboard */ = {
			isa = PBXVariantGroup;
			children = (
				3C71E80926BA5A2A001603E2 /* Base */,
			);
			name = Main.storyboard;
			sourceTree = "<group>";
		};
		3C71E80D26BA5A6A001603E2 /* LaunchScreen.storyboard */ = {
			isa = PBXVariantGroup;
			children = (
				3C71E80E26BA5A6A001603E2 /* Base */,
			);
			name = LaunchScreen.storyboard;
			sourceTree = "<group>";
		};
/* End PBXVariantGroup section */

/* Begin XCBuildConfiguration section */
		3C71E81126BA5A6A001603E2 /* Debug */ = {
			isa = XCBuildConfiguration;
			buildSettings = {
				ALWAYS_SEARCH_USER_PATHS = NO;
				CLANG_ANALYZER_NONNULL = YES;
				CLANG_ANALYZER_NUMBER_OBJECT_CONVERSION = YES_AGGRESSIVE;
				CLANG_CXX_LANGUAGE_STANDARD = "gnu++14";
				CLANG_CXX_LIBRARY = "libc++";
				CLANG_ENABLE_MODULES = YES;
				CLANG_ENABLE_OBJC_ARC = YES;
				CLANG_ENABLE_OBJC_WEAK = YES;
				CLANG_WARN_BLOCK_CAPTURE_AUTORELEASING = YES;
				CLANG_WARN_BOOL_CONVERSION = YES;
				CLANG_WARN_COMMA = YES;
				CLANG_WARN_CONSTANT_CONVERSION = YES;
				CLANG_WARN_DEPRECATED_OBJC_IMPLEMENTATIONS = YES;
				CLANG_WARN_DIRECT_OBJC_ISA_USAGE = YES_ERROR;
				CLANG_WARN_DOCUMENTATION_COMMENTS = YES;
				CLANG_WARN_EMPTY_BODY = YES;
				CLANG_WARN_ENUM_CONVERSION = YES;
				CLANG_WARN_INFINITE_RECURSION = YES;
				CLANG_WARN_INT_CONVERSION = YES;
				CLANG_WARN_NON_LITERAL_NULL_CONVERSION = YES;
				CLANG_WARN_OBJC_IMPLICIT_RETAIN_SELF = YES;
				CLANG_WARN_OBJC_LITERAL_CONVERSION = YES;
				CLANG_WARN_OBJC_ROOT_CLASS = YES_ERROR;
				CLANG_WARN_QUOTED_INCLUDE_IN_FRAMEWORK_HEADER = YES;
				CLANG_WARN_RANGE_LOOP_ANALYSIS = YES;
				CLANG_WARN_STRICT_PROTOTYPES = YES;
				CLANG_WARN_SUSPICIOUS_MOVE = YES;
				CLANG_WARN_UNGUARDED_AVAILABILITY = YES_AGGRESSIVE;
				CLANG_WARN_UNREACHABLE_CODE = YES;
				CLANG_WARN__DUPLICATE_METHOD_MATCH = YES;
				COPY_PHASE_STRIP = NO;
				DEBUG_INFORMATION_FORMAT = dwarf;
				ENABLE_STRICT_OBJC_MSGSEND = YES;
				ENABLE_TESTABILITY = YES;
				GCC_C_LANGUAGE_STANDARD = gnu11;
				GCC_DYNAMIC_NO_PIC = NO;
				GCC_NO_COMMON_BLOCKS = YES;
				GCC_OPTIMIZATION_LEVEL = 0;
				GCC_PREPROCESSOR_DEFINITIONS = (
					"DEBUG=1",
					"$(inherited)",
				);
				GCC_WARN_64_TO_32_BIT_CONVERSION = YES;
				GCC_WARN_ABOUT_RETURN_TYPE = YES_ERROR;
				GCC_WARN_UNDECLARED_SELECTOR = YES;
				GCC_WARN_UNINITIALIZED_AUTOS = YES_AGGRESSIVE;
				GCC_WARN_UNUSED_FUNCTION = YES;
				GCC_WARN_UNUSED_VARIABLE = YES;
				IPHONEOS_DEPLOYMENT_TARGET = 14.4;
				MTL_ENABLE_DEBUG_INFO = INCLUDE_SOURCE;
				MTL_FAST_MATH = YES;
				ONLY_ACTIVE_ARCH = YES;
				SDKROOT = iphoneos;
				SWIFT_ACTIVE_COMPILATION_CONDITIONS = DEBUG;
				SWIFT_OPTIMIZATION_LEVEL = "-Onone";
				VALIDATE_WORKSPACE = NO;
			};
			name = Debug;
		};
		3C71E81226BA5A6A001603E2 /* Release */ = {
			isa = XCBuildConfiguration;
			buildSettings = {
				ALWAYS_SEARCH_USER_PATHS = NO;
				CLANG_ANALYZER_NONNULL = YES;
				CLANG_ANALYZER_NUMBER_OBJECT_CONVERSION = YES_AGGRESSIVE;
				CLANG_CXX_LANGUAGE_STANDARD = "gnu++14";
				CLANG_CXX_LIBRARY = "libc++";
				CLANG_ENABLE_MODULES = YES;
				CLANG_ENABLE_OBJC_ARC = YES;
				CLANG_ENABLE_OBJC_WEAK = YES;
				CLANG_WARN_BLOCK_CAPTURE_AUTORELEASING = YES;
				CLANG_WARN_BOOL_CONVERSION = YES;
				CLANG_WARN_COMMA = YES;
				CLANG_WARN_CONSTANT_CONVERSION = YES;
				CLANG_WARN_DEPRECATED_OBJC_IMPLEMENTATIONS = YES;
				CLANG_WARN_DIRECT_OBJC_ISA_USAGE = YES_ERROR;
				CLANG_WARN_DOCUMENTATION_COMMENTS = YES;
				CLANG_WARN_EMPTY_BODY = YES;
				CLANG_WARN_ENUM_CONVERSION = YES;
				CLANG_WARN_INFINITE_RECURSION = YES;
				CLANG_WARN_INT_CONVERSION = YES;
				CLANG_WARN_NON_LITERAL_NULL_CONVERSION = YES;
				CLANG_WARN_OBJC_IMPLICIT_RETAIN_SELF = YES;
				CLANG_WARN_OBJC_LITERAL_CONVERSION = YES;
				CLANG_WARN_OBJC_ROOT_CLASS = YES_ERROR;
				CLANG_WARN_QUOTED_INCLUDE_IN_FRAMEWORK_HEADER = YES;
				CLANG_WARN_RANGE_LOOP_ANALYSIS = YES;
				CLANG_WARN_STRICT_PROTOTYPES = YES;
				CLANG_WARN_SUSPICIOUS_MOVE = YES;
				CLANG_WARN_UNGUARDED_AVAILABILITY = YES_AGGRESSIVE;
				CLANG_WARN_UNREACHABLE_CODE = YES;
				CLANG_WARN__DUPLICATE_METHOD_MATCH = YES;
				COPY_PHASE_STRIP = NO;
				DEBUG_INFORMATION_FORMAT = "dwarf-with-dsym";
				ENABLE_NS_ASSERTIONS = NO;
				ENABLE_STRICT_OBJC_MSGSEND = YES;
				GCC_C_LANGUAGE_STANDARD = gnu11;
				GCC_NO_COMMON_BLOCKS = YES;
				GCC_WARN_64_TO_32_BIT_CONVERSION = YES;
				GCC_WARN_ABOUT_RETURN_TYPE = YES_ERROR;
				GCC_WARN_UNDECLARED_SELECTOR = YES;
				GCC_WARN_UNINITIALIZED_AUTOS = YES_AGGRESSIVE;
				GCC_WARN_UNUSED_FUNCTION = YES;
				GCC_WARN_UNUSED_VARIABLE = YES;
				IPHONEOS_DEPLOYMENT_TARGET = 14.4;
				MTL_ENABLE_DEBUG_INFO = NO;
				MTL_FAST_MATH = YES;
				SDKROOT = iphoneos;
				SWIFT_COMPILATION_MODE = wholemodule;
				SWIFT_OPTIMIZATION_LEVEL = "-O";
				VALIDATE_PRODUCT = YES;
				VALIDATE_WORKSPACE = NO;
			};
			name = Release;
		};
		3C71E81426BA5A6A001603E2 /* Debug */ = {
			isa = XCBuildConfiguration;
			baseConfigurationReference = 2A53932FDCD99939EC8B40E9 /* Pods-CameraViewer.debug.xcconfig */;
			buildSettings = {
				ASSETCATALOG_COMPILER_APPICON_NAME = AppIcon;
				ASSETCATALOG_COMPILER_GLOBAL_ACCENT_COLOR_NAME = AccentColor;
				CODE_SIGN_STYLE = Automatic;
				INFOPLIST_FILE = CameraViewer/Info.plist;
				LD_RUNPATH_SEARCH_PATHS = (
					"$(inherited)",
					"@executable_path/Frameworks",
				);
				PRODUCT_BUNDLE_IDENTIFIER = com.CameraViewer;
				PRODUCT_NAME = "$(TARGET_NAME)";
				SWIFT_OBJC_BRIDGING_HEADER = "$(PROJECT_DIR)/$(PROJECT_NAME)/$(PROJECT_NAME)-Bridging-Header.h";
				SWIFT_VERSION = 5.0;
				TARGETED_DEVICE_FAMILY = "1,2";
			};
			name = Debug;
		};
		3C71E81526BA5A6A001603E2 /* Release */ = {
			isa = XCBuildConfiguration;
			baseConfigurationReference = 1B9669CDD9F4C937593A3A1E /* Pods-CameraViewer.release.xcconfig */;
			buildSettings = {
				ASSETCATALOG_COMPILER_APPICON_NAME = AppIcon;
				ASSETCATALOG_COMPILER_GLOBAL_ACCENT_COLOR_NAME = AccentColor;
				CODE_SIGN_STYLE = Automatic;
				INFOPLIST_FILE = CameraViewer/Info.plist;
				LD_RUNPATH_SEARCH_PATHS = (
					"$(inherited)",
					"@executable_path/Frameworks",
				);
				PRODUCT_BUNDLE_IDENTIFIER = com.CameraViewer;
				PRODUCT_NAME = "$(TARGET_NAME)";
				SWIFT_OBJC_BRIDGING_HEADER = "$(PROJECT_DIR)/$(PROJECT_NAME)/$(PROJECT_NAME)-Bridging-Header.h";
				SWIFT_VERSION = 5.0;
				TARGETED_DEVICE_FAMILY = "1,2";
			};
			name = Release;
		};
/* End XCBuildConfiguration section */

/* Begin XCConfigurationList section */
		3C71E7FA26BA5A2A001603E2 /* Build configuration list for PBXProject "CameraViewer" */ = {
			isa = XCConfigurationList;
			buildConfigurations = (
				3C71E81126BA5A6A001603E2 /* Debug */,
				3C71E81226BA5A6A001603E2 /* Release */,
			);
			defaultConfigurationIsVisible = 0;
			defaultConfigurationName = Release;
		};
		3C71E81326BA5A6A001603E2 /* Build configuration list for PBXNativeTarget "CameraViewer" */ = {
			isa = XCConfigurationList;
			buildConfigurations = (
				3C71E81426BA5A6A001603E2 /* Debug */,
				3C71E81526BA5A6A001603E2 /* Release */,
			);
			defaultConfigurationIsVisible = 0;
			defaultConfigurationName = Release;
		};
/* End XCConfigurationList section */
	};
	rootObject = 3C71E7F726BA5A2A001603E2 /* Project object */;
}
